
Microsoft Visual Studio Solution File, Format Version 12.00
# Visual Studio Version 17
VisualStudioVersion = 17.2.32630.192
MinimumVisualStudioVersion = 10.0.40219.1
Project("{FAE04EC0-301F-11D3-BF4B-00C04F79EFBC}") = "InteractiveStory", "InteractiveStory\InteractiveStory.csproj", "{3F06AF86-404D-466A-BD7F-D33B3F02595B}"
EndProject
Global
	GlobalSection(SolutionConfigurationPlatforms) = preSolution
		Debug|Any CPU = Debug|Any CPU
		Release|Any CPU = Release|Any CPU
	EndGlobalSection
	GlobalSection(ProjectConfigurationPlatforms) = postSolution
		{3F06AF86-404D-466A-BD7F-D33B3F02595B}.Debug|Any CPU.ActiveCfg = Debug|Any CPU
		{3F06AF86-404D-466A-BD7F-D33B3F02595B}.Debug|Any CPU.Build.0 = Debug|Any CPU
		{3F06AF86-404D-466A-BD7F-D33B3F02595B}.Release|Any CPU.ActiveCfg = Release|Any CPU
		{3F06AF86-404D-466A-BD7F-D33B3F02595B}.Release|Any CPU.Build.0 = Release|Any CPU
	EndGlobalSection
	GlobalSection(SolutionProperties) = preSolution
		HideSolutionNode = FALSE
	EndGlobalSection
	GlobalSection(ExtensibilityGlobals) = postSolution
		SolutionGuid = {17C34E89-4EBB-4D39-A86D-B8D45DD0109A}
	EndGlobalSection
EndGlobal
